// !$*UTF8*$!
{
	archiveVersion = 1;
	classes = {
	};
	objectVersion = 46;
	objects = {

/* Begin PBXBuildFile section */
		445926FE9D6814D181988D6A /* libPods-RSSReader.a in Frameworks */ = {isa = PBXBuildFile; fileRef = BA66CA9897187A89DD3351EE /* libPods-RSSReader.a */; };
		6114BE8A1C259104001BDB66 /* NewsDetailController.m in Sources */ = {isa = PBXBuildFile; fileRef = 6114BE891C259104001BDB66 /* NewsDetailController.m */; };
		6114BE911C25B849001BDB66 /* UIColor+RSSReader.m in Sources */ = {isa = PBXBuildFile; fileRef = 6114BE901C25B849001BDB66 /* UIColor+RSSReader.m */; };
		61AD3C5C1C1F6B630005FE3C /* main.m in Sources */ = {isa = PBXBuildFile; fileRef = 61AD3C5B1C1F6B630005FE3C /* main.m */; };
		61AD3C5F1C1F6B630005FE3C /* AppDelegate.m in Sources */ = {isa = PBXBuildFile; fileRef = 61AD3C5E1C1F6B630005FE3C /* AppDelegate.m */; };
		61AD3C651C1F6B630005FE3C /* Main.storyboard in Resources */ = {isa = PBXBuildFile; fileRef = 61AD3C631C1F6B630005FE3C /* Main.storyboard */; };
		61AD3C681C1F6B630005FE3C /* RSSReader.xcdatamodeld in Sources */ = {isa = PBXBuildFile; fileRef = 61AD3C661C1F6B630005FE3C /* RSSReader.xcdatamodeld */; };
		61AD3C6A1C1F6B630005FE3C /* Assets.xcassets in Resources */ = {isa = PBXBuildFile; fileRef = 61AD3C691C1F6B630005FE3C /* Assets.xcassets */; };
		61AD3C6D1C1F6B630005FE3C /* LaunchScreen.storyboard in Resources */ = {isa = PBXBuildFile; fileRef = 61AD3C6B1C1F6B630005FE3C /* LaunchScreen.storyboard */; };
		61C4BCF51C244C1100EC2113 /* ItemEntity+CoreDataProperties.m in Sources */ = {isa = PBXBuildFile; fileRef = 61C4BCEE1C244C1100EC2113 /* ItemEntity+CoreDataProperties.m */; };
		61C4BCF61C244C1100EC2113 /* ItemEntity.m in Sources */ = {isa = PBXBuildFile; fileRef = 61C4BCF01C244C1100EC2113 /* ItemEntity.m */; };
		61C4BCF71C244C1100EC2113 /* ChannelEntity+CoreDataProperties.m in Sources */ = {isa = PBXBuildFile; fileRef = 61C4BCF21C244C1100EC2113 /* ChannelEntity+CoreDataProperties.m */; };
		61C4BCF81C244C1100EC2113 /* ChannelEntity.m in Sources */ = {isa = PBXBuildFile; fileRef = 61C4BCF41C244C1100EC2113 /* ChannelEntity.m */; };
		61C4BCFB1C2457E000EC2113 /* NewsItemCell.m in Sources */ = {isa = PBXBuildFile; fileRef = 61C4BCFA1C2457E000EC2113 /* NewsItemCell.m */; };
		61F9C6781C21B6EB003E0E3A /* MainViewController.m in Sources */ = {isa = PBXBuildFile; fileRef = 61F9C6771C21B6EB003E0E3A /* MainViewController.m */; };
		61F9C67B1C21B741003E0E3A /* NewsController.m in Sources */ = {isa = PBXBuildFile; fileRef = 61F9C67A1C21B741003E0E3A /* NewsController.m */; };
/* End PBXBuildFile section */

/* Begin PBXFileReference section */
		6114BE881C259104001BDB66 /* NewsDetailController.h */ = {isa = PBXFileReference; fileEncoding = 4; lastKnownFileType = sourcecode.c.h; path = NewsDetailController.h; sourceTree = "<group>"; };
		6114BE891C259104001BDB66 /* NewsDetailController.m */ = {isa = PBXFileReference; fileEncoding = 4; lastKnownFileType = sourcecode.c.objc; path = NewsDetailController.m; sourceTree = "<group>"; };
		6114BE8F1C25B849001BDB66 /* UIColor+RSSReader.h */ = {isa = PBXFileReference; fileEncoding = 4; lastKnownFileType = sourcecode.c.h; path = "UIColor+RSSReader.h"; sourceTree = "<group>"; };
		6114BE901C25B849001BDB66 /* UIColor+RSSReader.m */ = {isa = PBXFileReference; fileEncoding = 4; lastKnownFileType = sourcecode.c.objc; path = "UIColor+RSSReader.m"; sourceTree = "<group>"; };
		61AD3C571C1F6B630005FE3C /* RSSReader.app */ = {isa = PBXFileReference; explicitFileType = wrapper.application; includeInIndex = 0; path = RSSReader.app; sourceTree = BUILT_PRODUCTS_DIR; };
		61AD3C5B1C1F6B630005FE3C /* main.m */ = {isa = PBXFileReference; lastKnownFileType = sourcecode.c.objc; path = main.m; sourceTree = "<group>"; };
		61AD3C5D1C1F6B630005FE3C /* AppDelegate.h */ = {isa = PBXFileReference; lastKnownFileType = sourcecode.c.h; path = AppDelegate.h; sourceTree = "<group>"; };
		61AD3C5E1C1F6B630005FE3C /* AppDelegate.m */ = {isa = PBXFileReference; lastKnownFileType = sourcecode.c.objc; path = AppDelegate.m; sourceTree = "<group>"; };
		61AD3C641C1F6B630005FE3C /* Base */ = {isa = PBXFileReference; lastKnownFileType = file.storyboard; name = Base; path = Base.lproj/Main.storyboard; sourceTree = "<group>"; };
		61AD3C671C1F6B630005FE3C /* RSSReader.xcdatamodel */ = {isa = PBXFileReference; lastKnownFileType = wrapper.xcdatamodel; path = RSSReader.xcdatamodel; sourceTree = "<group>"; };
		61AD3C691C1F6B630005FE3C /* Assets.xcassets */ = {isa = PBXFileReference; lastKnownFileType = folder.assetcatalog; path = Assets.xcassets; sourceTree = "<group>"; };
		61AD3C6C1C1F6B630005FE3C /* Base */ = {isa = PBXFileReference; lastKnownFileType = file.storyboard; name = Base; path = Base.lproj/LaunchScreen.storyboard; sourceTree = "<group>"; };
		61AD3C6E1C1F6B630005FE3C /* Info.plist */ = {isa = PBXFileReference; lastKnownFileType = text.plist.xml; path = Info.plist; sourceTree = "<group>"; };
		61C4BCED1C244C1100EC2113 /* ItemEntity+CoreDataProperties.h */ = {isa = PBXFileReference; fileEncoding = 4; lastKnownFileType = sourcecode.c.h; path = "ItemEntity+CoreDataProperties.h"; sourceTree = "<group>"; };
		61C4BCEE1C244C1100EC2113 /* ItemEntity+CoreDataProperties.m */ = {isa = PBXFileReference; fileEncoding = 4; lastKnownFileType = sourcecode.c.objc; path = "ItemEntity+CoreDataProperties.m"; sourceTree = "<group>"; };
		61C4BCEF1C244C1100EC2113 /* ItemEntity.h */ = {isa = PBXFileReference; fileEncoding = 4; lastKnownFileType = sourcecode.c.h; path = ItemEntity.h; sourceTree = "<group>"; };
		61C4BCF01C244C1100EC2113 /* ItemEntity.m */ = {isa = PBXFileReference; fileEncoding = 4; lastKnownFileType = sourcecode.c.objc; path = ItemEntity.m; sourceTree = "<group>"; };
		61C4BCF11C244C1100EC2113 /* ChannelEntity+CoreDataProperties.h */ = {isa = PBXFileReference; fileEncoding = 4; lastKnownFileType = sourcecode.c.h; path = "ChannelEntity+CoreDataProperties.h"; sourceTree = "<group>"; };
		61C4BCF21C244C1100EC2113 /* ChannelEntity+CoreDataProperties.m */ = {isa = PBXFileReference; fileEncoding = 4; lastKnownFileType = sourcecode.c.objc; path = "ChannelEntity+CoreDataProperties.m"; sourceTree = "<group>"; };
		61C4BCF31C244C1100EC2113 /* ChannelEntity.h */ = {isa = PBXFileReference; fileEncoding = 4; lastKnownFileType = sourcecode.c.h; path = ChannelEntity.h; sourceTree = "<group>"; };
		61C4BCF41C244C1100EC2113 /* ChannelEntity.m */ = {isa = PBXFileReference; fileEncoding = 4; lastKnownFileType = sourcecode.c.objc; path = ChannelEntity.m; sourceTree = "<group>"; };
		61C4BCF91C2457E000EC2113 /* NewsItemCell.h */ = {isa = PBXFileReference; fileEncoding = 4; lastKnownFileType = sourcecode.c.h; path = NewsItemCell.h; sourceTree = "<group>"; };
		61C4BCFA1C2457E000EC2113 /* NewsItemCell.m */ = {isa = PBXFileReference; fileEncoding = 4; lastKnownFileType = sourcecode.c.objc; path = NewsItemCell.m; sourceTree = "<group>"; };
		61F9C6761C21B6EB003E0E3A /* MainViewController.h */ = {isa = PBXFileReference; fileEncoding = 4; lastKnownFileType = sourcecode.c.h; path = MainViewController.h; sourceTree = "<group>"; };
		61F9C6771C21B6EB003E0E3A /* MainViewController.m */ = {isa = PBXFileReference; fileEncoding = 4; lastKnownFileType = sourcecode.c.objc; path = MainViewController.m; sourceTree = "<group>"; };
		61F9C6791C21B741003E0E3A /* NewsController.h */ = {isa = PBXFileReference; fileEncoding = 4; lastKnownFileType = sourcecode.c.h; path = NewsController.h; sourceTree = "<group>"; };
		61F9C67A1C21B741003E0E3A /* NewsController.m */ = {isa = PBXFileReference; fileEncoding = 4; lastKnownFileType = sourcecode.c.objc; path = NewsController.m; sourceTree = "<group>"; };
		6EC2F69CD0DAE622F90710AC /* Pods-RSSReader.debug.xcconfig */ = {isa = PBXFileReference; includeInIndex = 1; lastKnownFileType = text.xcconfig; name = "Pods-RSSReader.debug.xcconfig"; path = "Pods/Target Support Files/Pods-RSSReader/Pods-RSSReader.debug.xcconfig"; sourceTree = "<group>"; };
		A452FF65F92480A3D334F8C5 /* Pods-RSSReader.release.xcconfig */ = {isa = PBXFileReference; includeInIndex = 1; lastKnownFileType = text.xcconfig; name = "Pods-RSSReader.release.xcconfig"; path = "Pods/Target Support Files/Pods-RSSReader/Pods-RSSReader.release.xcconfig"; sourceTree = "<group>"; };
		BA66CA9897187A89DD3351EE /* libPods-RSSReader.a */ = {isa = PBXFileReference; explicitFileType = archive.ar; includeInIndex = 0; path = "libPods-RSSReader.a"; sourceTree = BUILT_PRODUCTS_DIR; };
/* End PBXFileReference section */

/* Begin PBXFrameworksBuildPhase section */
		61AD3C541C1F6B630005FE3C /* Frameworks */ = {
			isa = PBXFrameworksBuildPhase;
			buildActionMask = 2147483647;
			files = (
				445926FE9D6814D181988D6A /* libPods-RSSReader.a in Frameworks */,
			);
			runOnlyForDeploymentPostprocessing = 0;
		};
/* End PBXFrameworksBuildPhase section */

/* Begin PBXGroup section */
		3197F6694FD2A82757647B44 /* Frameworks */ = {
			isa = PBXGroup;
			children = (
				BA66CA9897187A89DD3351EE /* libPods-RSSReader.a */,
			);
			name = Frameworks;
			sourceTree = "<group>";
		};
		611545CE1C23690000BF9E4F /* CoreData */ = {
			isa = PBXGroup;
			children = (
				61AD3C661C1F6B630005FE3C /* RSSReader.xcdatamodeld */,
				61C4BCED1C244C1100EC2113 /* ItemEntity+CoreDataProperties.h */,
				61C4BCEE1C244C1100EC2113 /* ItemEntity+CoreDataProperties.m */,
				61C4BCEF1C244C1100EC2113 /* ItemEntity.h */,
				61C4BCF01C244C1100EC2113 /* ItemEntity.m */,
				61C4BCF11C244C1100EC2113 /* ChannelEntity+CoreDataProperties.h */,
				61C4BCF21C244C1100EC2113 /* ChannelEntity+CoreDataProperties.m */,
				61C4BCF31C244C1100EC2113 /* ChannelEntity.h */,
				61C4BCF41C244C1100EC2113 /* ChannelEntity.m */,
			);
			name = CoreData;
			sourceTree = "<group>";
		};
		61AD3C4E1C1F6B620005FE3C = {
			isa = PBXGroup;
			children = (
				61AD3C591C1F6B630005FE3C /* RSSReader */,
				61AD3C581C1F6B630005FE3C /* Products */,
				76CB013EE773A9008450271B /* Pods */,
				3197F6694FD2A82757647B44 /* Frameworks */,
			);
			sourceTree = "<group>";
		};
		61AD3C581C1F6B630005FE3C /* Products */ = {
			isa = PBXGroup;
			children = (
				61AD3C571C1F6B630005FE3C /* RSSReader.app */,
			);
			name = Products;
			sourceTree = "<group>";
		};
		61AD3C591C1F6B630005FE3C /* RSSReader */ = {
			isa = PBXGroup;
			children = (
				61AD3C5D1C1F6B630005FE3C /* AppDelegate.h */,
				61AD3C5E1C1F6B630005FE3C /* AppDelegate.m */,
				61F9C6761C21B6EB003E0E3A /* MainViewController.h */,
				61F9C6771C21B6EB003E0E3A /* MainViewController.m */,
				61F9C6791C21B741003E0E3A /* NewsController.h */,
				61F9C67A1C21B741003E0E3A /* NewsController.m */,
				6114BE881C259104001BDB66 /* NewsDetailController.h */,
				6114BE891C259104001BDB66 /* NewsDetailController.m */,
				6114BE8F1C25B849001BDB66 /* UIColor+RSSReader.h */,
				6114BE901C25B849001BDB66 /* UIColor+RSSReader.m */,
				61AD3C631C1F6B630005FE3C /* Main.storyboard */,
				61C4BCF91C2457E000EC2113 /* NewsItemCell.h */,
				61C4BCFA1C2457E000EC2113 /* NewsItemCell.m */,
				61AD3C691C1F6B630005FE3C /* Assets.xcassets */,
				61AD3C6B1C1F6B630005FE3C /* LaunchScreen.storyboard */,
				61AD3C6E1C1F6B630005FE3C /* Info.plist */,
				611545CE1C23690000BF9E4F /* CoreData */,
				61AD3C5A1C1F6B630005FE3C /* Supporting Files */,
			);
			path = RSSReader;
			sourceTree = "<group>";
		};
		61AD3C5A1C1F6B630005FE3C /* Supporting Files */ = {
			isa = PBXGroup;
			children = (
				61AD3C5B1C1F6B630005FE3C /* main.m */,
			);
			name = "Supporting Files";
			sourceTree = "<group>";
		};
		76CB013EE773A9008450271B /* Pods */ = {
			isa = PBXGroup;
			children = (
				6EC2F69CD0DAE622F90710AC /* Pods-RSSReader.debug.xcconfig */,
				A452FF65F92480A3D334F8C5 /* Pods-RSSReader.release.xcconfig */,
			);
			name = Pods;
			sourceTree = "<group>";
		};
/* End PBXGroup section */

/* Begin PBXNativeTarget section */
		61AD3C561C1F6B630005FE3C /* RSSReader */ = {
			isa = PBXNativeTarget;
			buildConfigurationList = 61AD3C711C1F6B630005FE3C /* Build configuration list for PBXNativeTarget "RSSReader" */;
			buildPhases = (
				7965524631A6FD1F70E2A925 /* Check Pods Manifest.lock */,
				61AD3C531C1F6B630005FE3C /* Sources */,
				61AD3C541C1F6B630005FE3C /* Frameworks */,
				61AD3C551C1F6B630005FE3C /* Resources */,
				E5DC50A4731D206D75B458CD /* Embed Pods Frameworks */,
				87D95EFBABB60D5AEE5121F2 /* Copy Pods Resources */,
			);
			buildRules = (
			);
			dependencies = (
			);
			name = RSSReader;
			productName = RSSReader;
			productReference = 61AD3C571C1F6B630005FE3C /* RSSReader.app */;
			productType = "com.apple.product-type.application";
		};
/* End PBXNativeTarget section */

/* Begin PBXProject section */
		61AD3C4F1C1F6B620005FE3C /* Project object */ = {
			isa = PBXProject;
			attributes = {
				LastUpgradeCheck = 0720;
				ORGANIZATIONNAME = Oleg;
				TargetAttributes = {
					61AD3C561C1F6B630005FE3C = {
						CreatedOnToolsVersion = 7.2;
					};
				};
			};
			buildConfigurationList = 61AD3C521C1F6B630005FE3C /* Build configuration list for PBXProject "RSSReader" */;
			compatibilityVersion = "Xcode 3.2";
			developmentRegion = English;
			hasScannedForEncodings = 0;
			knownRegions = (
				en,
				Base,
			);
			mainGroup = 61AD3C4E1C1F6B620005FE3C;
			productRefGroup = 61AD3C581C1F6B630005FE3C /* Products */;
			projectDirPath = "";
			projectRoot = "";
			targets = (
				61AD3C561C1F6B630005FE3C /* RSSReader */,
			);
		};
/* End PBXProject section */

/* Begin PBXResourcesBuildPhase section */
		61AD3C551C1F6B630005FE3C /* Resources */ = {
			isa = PBXResourcesBuildPhase;
			buildActionMask = 2147483647;
			files = (
				61AD3C6D1C1F6B630005FE3C /* LaunchScreen.storyboard in Resources */,
				61AD3C6A1C1F6B630005FE3C /* Assets.xcassets in Resources */,
				61AD3C651C1F6B630005FE3C /* Main.storyboard in Resources */,
			);
			runOnlyForDeploymentPostprocessing = 0;
		};
/* End PBXResourcesBuildPhase section */

/* Begin PBXShellScriptBuildPhase section */
		7965524631A6FD1F70E2A925 /* Check Pods Manifest.lock */ = {
			isa = PBXShellScriptBuildPhase;
			buildActionMask = 2147483647;
			files = (
			);
			inputPaths = (
			);
			name = "Check Pods Manifest.lock";
			outputPaths = (
			);
			runOnlyForDeploymentPostprocessing = 0;
			shellPath = /bin/sh;
			shellScript = "diff \"${PODS_ROOT}/../Podfile.lock\" \"${PODS_ROOT}/Manifest.lock\" > /dev/null\nif [[ $? != 0 ]] ; then\n    cat << EOM\nerror: The sandbox is not in sync with the Podfile.lock. Run 'pod install' or update your CocoaPods installation.\nEOM\n    exit 1\nfi\n";
			showEnvVarsInLog = 0;
		};
		87D95EFBABB60D5AEE5121F2 /* Copy Pods Resources */ = {
			isa = PBXShellScriptBuildPhase;
			buildActionMask = 2147483647;
			files = (
			);
			inputPaths = (
			);
			name = "Copy Pods Resources";
			outputPaths = (
			);
			runOnlyForDeploymentPostprocessing = 0;
			shellPath = /bin/sh;
			shellScript = "\"${SRCROOT}/Pods/Target Support Files/Pods-RSSReader/Pods-RSSReader-resources.sh\"\n";
			showEnvVarsInLog = 0;
		};
		E5DC50A4731D206D75B458CD /* Embed Pods Frameworks */ = {
			isa = PBXShellScriptBuildPhase;
			buildActionMask = 2147483647;
			files = (
			);
			inputPaths = (
			);
			name = "Embed Pods Frameworks";
			outputPaths = (
			);
			runOnlyForDeploymentPostprocessing = 0;
			shellPath = /bin/sh;
			shellScript = "\"${SRCROOT}/Pods/Target Support Files/Pods-RSSReader/Pods-RSSReader-frameworks.sh\"\n";
			showEnvVarsInLog = 0;
		};
/* End PBXShellScriptBuildPhase section */

/* Begin PBXSourcesBuildPhase section */
		61AD3C531C1F6B630005FE3C /* Sources */ = {
			isa = PBXSourcesBuildPhase;
			buildActionMask = 2147483647;
			files = (
				61C4BCF71C244C1100EC2113 /* ChannelEntity+CoreDataProperties.m in Sources */,
				6114BE8A1C259104001BDB66 /* NewsDetailController.m in Sources */,
				61F9C6781C21B6EB003E0E3A /* MainViewController.m in Sources */,
				61C4BCF51C244C1100EC2113 /* ItemEntity+CoreDataProperties.m in Sources */,
				61AD3C681C1F6B630005FE3C /* RSSReader.xcdatamodeld in Sources */,
				61C4BCF81C244C1100EC2113 /* ChannelEntity.m in Sources */,
				6114BE911C25B849001BDB66 /* UIColor+RSSReader.m in Sources */,
				61C4BCFB1C2457E000EC2113 /* NewsItemCell.m in Sources */,
				61C4BCF61C244C1100EC2113 /* ItemEntity.m in Sources */,
				61F9C67B1C21B741003E0E3A /* NewsController.m in Sources */,
				61AD3C5F1C1F6B630005FE3C /* AppDelegate.m in Sources */,
				61AD3C5C1C1F6B630005FE3C /* main.m in Sources */,
			);
			runOnlyForDeploymentPostprocessing = 0;
		};
/* End PBXSourcesBuildPhase section */

/* Begin PBXVariantGroup section */
		61AD3C631C1F6B630005FE3C /* Main.storyboard */ = {
			isa = PBXVariantGroup;
			children = (
				61AD3C641C1F6B630005FE3C /* Base */,
			);
			name = Main.storyboard;
			sourceTree = "<group>";
		};
		61AD3C6B1C1F6B630005FE3C /* LaunchScreen.storyboard */ = {
			isa = PBXVariantGroup;
			children = (
				61AD3C6C1C1F6B630005FE3C /* Base */,
			);
			name = LaunchScreen.storyboard;
			sourceTree = "<group>";
		};
/* End PBXVariantGroup section */

/* Begin XCBuildConfiguration section */
		61AD3C6F1C1F6B630005FE3C /* Debug */ = {
			isa = XCBuildConfiguration;
			buildSettings = {
				ALWAYS_SEARCH_USER_PATHS = NO;
				CLANG_CXX_LANGUAGE_STANDARD = "gnu++0x";
				CLANG_CXX_LIBRARY = "libc++";
				CLANG_ENABLE_MODULES = YES;
				CLANG_ENABLE_OBJC_ARC = YES;
				CLANG_WARN_BOOL_CONVERSION = YES;
				CLANG_WARN_CONSTANT_CONVERSION = YES;
				CLANG_WARN_DIRECT_OBJC_ISA_USAGE = YES_ERROR;
				CLANG_WARN_EMPTY_BODY = YES;
				CLANG_WARN_ENUM_CONVERSION = YES;
				CLANG_WARN_INT_CONVERSION = YES;
				CLANG_WARN_OBJC_ROOT_CLASS = YES_ERROR;
				CLANG_WARN_UNREACHABLE_CODE = YES;
				CLANG_WARN__DUPLICATE_METHOD_MATCH = YES;
				"CODE_SIGN_IDENTITY[sdk=iphoneos*]" = "iPhone Developer";
				COPY_PHASE_STRIP = NO;
				DEBUG_INFORMATION_FORMAT = dwarf;
				ENABLE_STRICT_OBJC_MSGSEND = YES;
				ENABLE_TESTABILITY = YES;
				GCC_C_LANGUAGE_STANDARD = gnu99;
				GCC_DYNAMIC_NO_PIC = NO;
				GCC_NO_COMMON_BLOCKS = YES;
				GCC_OPTIMIZATION_LEVEL = 0;
				GCC_PREPROCESSOR_DEFINITIONS = (
					"DEBUG=1",
					"$(inherited)",
				);
				GCC_WARN_64_TO_32_BIT_CONVERSION = YES;
				GCC_WARN_ABOUT_RETURN_TYPE = YES_ERROR;
				GCC_WARN_UNDECLARED_SELECTOR = YES;
				GCC_WARN_UNINITIALIZED_AUTOS = YES_AGGRESSIVE;
				GCC_WARN_UNUSED_FUNCTION = YES;
				GCC_WARN_UNUSED_VARIABLE = YES;
				IPHONEOS_DEPLOYMENT_TARGET = 9.2;
				MTL_ENABLE_DEBUG_INFO = YES;
				ONLY_ACTIVE_ARCH = YES;
				SDKROOT = iphoneos;
			};
			name = Debug;
		};
		61AD3C701C1F6B630005FE3C /* Release */ = {
			isa = XCBuildConfiguration;
			buildSettings = {
				ALWAYS_SEARCH_USER_PATHS = NO;
				CLANG_CXX_LANGUAGE_STANDARD = "gnu++0x";
				CLANG_CXX_LIBRARY = "libc++";
				CLANG_ENABLE_MODULES = YES;
				CLANG_ENABLE_OBJC_ARC = YES;
				CLANG_WARN_BOOL_CONVERSION = YES;
				CLANG_WARN_CONSTANT_CONVERSION = YES;
				CLANG_WARN_DIRECT_OBJC_ISA_USAGE = YES_ERROR;
				CLANG_WARN_EMPTY_BODY = YES;
				CLANG_WARN_ENUM_CONVERSION = YES;
				CLANG_WARN_INT_CONVERSION = YES;
				CLANG_WARN_OBJC_ROOT_CLASS = YES_ERROR;
				CLANG_WARN_UNREACHABLE_CODE = YES;
				CLANG_WARN__DUPLICATE_METHOD_MATCH = YES;
				"CODE_SIGN_IDENTITY[sdk=iphoneos*]" = "iPhone Developer";
				COPY_PHASE_STRIP = NO;
				DEBUG_INFORMATION_FORMAT = "dwarf-with-dsym";
				ENABLE_NS_ASSERTIONS = NO;
				ENABLE_STRICT_OBJC_MSGSEND = YES;
				GCC_C_LANGUAGE_STANDARD = gnu99;
				GCC_NO_COMMON_BLOCKS = YES;
				GCC_WARN_64_TO_32_BIT_CONVERSION = YES;
				GCC_WARN_ABOUT_RETURN_TYPE = YES_ERROR;
				GCC_WARN_UNDECLARED_SELECTOR = YES;
				GCC_WARN_UNINITIALIZED_AUTOS = YES_AGGRESSIVE;
				GCC_WARN_UNUSED_FUNCTION = YES;
				GCC_WARN_UNUSED_VARIABLE = YES;
				IPHONEOS_DEPLOYMENT_TARGET = 9.2;
				MTL_ENABLE_DEBUG_INFO = NO;
				SDKROOT = iphoneos;
				VALIDATE_PRODUCT = YES;
			};
			name = Release;
		};
		61AD3C721C1F6B630005FE3C /* Debug */ = {
			isa = XCBuildConfiguration;
			baseConfigurationReference = 6EC2F69CD0DAE622F90710AC /* Pods-RSSReader.debug.xcconfig */;
			buildSettings = {
				ASSETCATALOG_COMPILER_APPICON_NAME = AppIcon;
				INFOPLIST_FILE = RSSReader/Info.plist;
				LD_RUNPATH_SEARCH_PATHS = "$(inherited) @executable_path/Frameworks";
				PRODUCT_BUNDLE_IDENTIFIER = com.stalik.RSSReader;
				PRODUCT_NAME = "$(TARGET_NAME)";
			};
			name = Debug;
		};
		61AD3C731C1F6B630005FE3C /* Release */ = {
			isa = XCBuildConfiguration;
			baseConfigurationReference = A452FF65F92480A3D334F8C5 /* Pods-RSSReader.release.xcconfig */;
			buildSettings = {
				ASSETCATALOG_COMPILER_APPICON_NAME = AppIcon;
				INFOPLIST_FILE = RSSReader/Info.plist;
				LD_RUNPATH_SEARCH_PATHS = "$(inherited) @executable_path/Frameworks";
				PRODUCT_BUNDLE_IDENTIFIER = com.stalik.RSSReader;
				PRODUCT_NAME = "$(TARGET_NAME)";
			};
			name = Release;
		};
/* End XCBuildConfiguration section */

/* Begin XCConfigurationList section */
		61AD3C521C1F6B630005FE3C /* Build configuration list for PBXProject "RSSReader" */ = {
			isa = XCConfigurationList;
			buildConfigurations = (
				61AD3C6F1C1F6B630005FE3C /* Debug */,
				61AD3C701C1F6B630005FE3C /* Release */,
			);
			defaultConfigurationIsVisible = 0;
			defaultConfigurationName = Release;
		};
		61AD3C711C1F6B630005FE3C /* Build configuration list for PBXNativeTarget "RSSReader" */ = {
			isa = XCConfigurationList;
			buildConfigurations = (
				61AD3C721C1F6B630005FE3C /* Debug */,
				61AD3C731C1F6B630005FE3C /* Release */,
			);
			defaultConfigurationIsVisible = 0;
			defaultConfigurationName = Release;
		};
/* End XCConfigurationList section */

/* Begin XCVersionGroup section */
		61AD3C661C1F6B630005FE3C /* RSSReader.xcdatamodeld */ = {
			isa = XCVersionGroup;
			children = (
				61AD3C671C1F6B630005FE3C /* RSSReader.xcdatamodel */,
			);
			currentVersion = 61AD3C671C1F6B630005FE3C /* RSSReader.xcdatamodel */;
			path = RSSReader.xcdatamodeld;
			sourceTree = "<group>";
			versionGroupType = wrapper.xcdatamodel;
		};
/* End XCVersionGroup section */
	};
	rootObject = 61AD3C4F1C1F6B620005FE3C /* Project object */;
}
